// !$*UTF8*$!
{
	archiveVersion = 1;
	classes = {
	};
	objectVersion = 50;
	objects = {

/* Begin PBXBuildFile section */
		DB0526C32609DC5F00280855 /* Background.cpp in Sources */ = {isa = PBXBuildFile; fileRef = DB0526C12609DC5F00280855 /* Background.cpp */; };
		DB0526C8260A141200280855 /* Pieces.cpp in Sources */ = {isa = PBXBuildFile; fileRef = DB0526C6260A141200280855 /* Pieces.cpp */; };
		DB1D7596261CEAD5002504AA /* p_tetris_blocks_2.png in Resources */ = {isa = PBXBuildFile; fileRef = DB1D7594261CEAD5002504AA /* p_tetris_blocks_2.png */; };
		DB1D7597261CEAD5002504AA /* p_tetris_blocks_1.png in Resources */ = {isa = PBXBuildFile; fileRef = DB1D7595261CEAD5002504AA /* p_tetris_blocks_1.png */; };
		DB54AA372624DAB200F0F047 /* b_playing_area.png in Resources */ = {isa = PBXBuildFile; fileRef = DB54AA332624DAB200F0F047 /* b_playing_area.png */; };
		DB54AA382624DAB200F0F047 /* b_next.png in Resources */ = {isa = PBXBuildFile; fileRef = DB54AA342624DAB200F0F047 /* b_next.png */; };
		DB54AA392624DAB200F0F047 /* b_score.png in Resources */ = {isa = PBXBuildFile; fileRef = DB54AA352624DAB200F0F047 /* b_score.png */; };
		DB54AA3A2624DAB200F0F047 /* b_background.png in Resources */ = {isa = PBXBuildFile; fileRef = DB54AA362624DAB200F0F047 /* b_background.png */; };
		DB734561261B1B7A006E9F1D /* Excludedi.ttf in Resources */ = {isa = PBXBuildFile; fileRef = DB73455F261B16EB006E9F1D /* Excludedi.ttf */; };
		DB79A5FD2608C82D000F917B /* ResourcePath.mm in Sources */ = {isa = PBXBuildFile; fileRef = DB79A5FC2608C82D000F917B /* ResourcePath.mm */; };
		DB79A6002608C82D000F917B /* main.cpp in Sources */ = {isa = PBXBuildFile; fileRef = DB79A5FF2608C82D000F917B /* main.cpp */; };
		DBAAE615260D1E5100794073 /* Field.cpp in Sources */ = {isa = PBXBuildFile; fileRef = DBAAE613260D1E5100794073 /* Field.cpp */; };
		DBB546F82629CDCF0080DBA6 /* n_impact2.wav in Resources */ = {isa = PBXBuildFile; fileRef = DBB546F62629CDCF0080DBA6 /* n_impact2.wav */; };
		DBB546F92629CDCF0080DBA6 /* n_rotate.wav in Resources */ = {isa = PBXBuildFile; fileRef = DBB546F72629CDCF0080DBA6 /* n_rotate.wav */; };
		DBB546FC2629D2100080DBA6 /* b_rose.png in Resources */ = {isa = PBXBuildFile; fileRef = DBB546FB2629D2100080DBA6 /* b_rose.png */; };
		DBB5470B262A30450080DBA6 /* s_menu.ogg in Resources */ = {isa = PBXBuildFile; fileRef = DBB54709262A30450080DBA6 /* s_menu.ogg */; };
		DBB5470C262A30450080DBA6 /* s_playing.ogg in Resources */ = {isa = PBXBuildFile; fileRef = DBB5470A262A30450080DBA6 /* s_playing.ogg */; };
		DBD2BC032627733B0013427C /* Menu.cpp in Sources */ = {isa = PBXBuildFile; fileRef = DBD2BC012627733B0013427C /* Menu.cpp */; };
		DBD2BC082628639D0013427C /* n_enter.wav in Resources */ = {isa = PBXBuildFile; fileRef = DBD2BC052628639D0013427C /* n_enter.wav */; };
		DBD2BC092628639D0013427C /* n_start.wav in Resources */ = {isa = PBXBuildFile; fileRef = DBD2BC062628639D0013427C /* n_start.wav */; };
		DBD2BC0A2628639D0013427C /* n_switch.wav in Resources */ = {isa = PBXBuildFile; fileRef = DBD2BC072628639D0013427C /* n_switch.wav */; };
		DBD2BC0F262880DB0013427C /* n_explode1.wav in Resources */ = {isa = PBXBuildFile; fileRef = DBD2BC0D262880DB0013427C /* n_explode1.wav */; };
		DBD2BC10262880DB0013427C /* n_explode2.wav in Resources */ = {isa = PBXBuildFile; fileRef = DBD2BC0E262880DB0013427C /* n_explode2.wav */; };
		DBD2BC1E262886850013427C /* n_impact1.wav in Resources */ = {isa = PBXBuildFile; fileRef = DBD2BC1C262886850013427C /* n_impact1.wav */; };
		DBDD32E52620EFE000F2FD61 /* Messages.cpp in Sources */ = {isa = PBXBuildFile; fileRef = DBDD32E32620EFE000F2FD61 /* Messages.cpp */; };
/* End PBXBuildFile section */

/* Begin PBXFileReference section */
		DB0526C12609DC5F00280855 /* Background.cpp */ = {isa = PBXFileReference; lastKnownFileType = sourcecode.cpp.cpp; path = Background.cpp; sourceTree = "<group>"; };
		DB0526C22609DC5F00280855 /* Background.hpp */ = {isa = PBXFileReference; lastKnownFileType = sourcecode.cpp.h; path = Background.hpp; sourceTree = "<group>"; };
		DB0526C6260A141200280855 /* Pieces.cpp */ = {isa = PBXFileReference; lastKnownFileType = sourcecode.cpp.cpp; path = Pieces.cpp; sourceTree = "<group>"; };
		DB0526C7260A141200280855 /* Pieces.hpp */ = {isa = PBXFileReference; lastKnownFileType = sourcecode.cpp.h; path = Pieces.hpp; sourceTree = "<group>"; };
		DB1D7594261CEAD5002504AA /* p_tetris_blocks_2.png */ = {isa = PBXFileReference; lastKnownFileType = image.png; name = p_tetris_blocks_2.png; path = ../../../../../../Downloads/p_tetris_blocks_2.png; sourceTree = "<group>"; };
		DB1D7595261CEAD5002504AA /* p_tetris_blocks_1.png */ = {isa = PBXFileReference; lastKnownFileType = image.png; name = p_tetris_blocks_1.png; path = ../../../../../../Downloads/p_tetris_blocks_1.png; sourceTree = "<group>"; };
		DB54AA332624DAB200F0F047 /* b_playing_area.png */ = {isa = PBXFileReference; lastKnownFileType = image.png; path = b_playing_area.png; sourceTree = "<group>"; };
		DB54AA342624DAB200F0F047 /* b_next.png */ = {isa = PBXFileReference; lastKnownFileType = image.png; path = b_next.png; sourceTree = "<group>"; };
		DB54AA352624DAB200F0F047 /* b_score.png */ = {isa = PBXFileReference; lastKnownFileType = image.png; path = b_score.png; sourceTree = "<group>"; };
		DB54AA362624DAB200F0F047 /* b_background.png */ = {isa = PBXFileReference; lastKnownFileType = image.png; path = b_background.png; sourceTree = "<group>"; };
		DB73455F261B16EB006E9F1D /* Excludedi.ttf */ = {isa = PBXFileReference; lastKnownFileType = file; path = Excludedi.ttf; sourceTree = "<group>"; };
		DB79A5F72608C82D000F917B /* super_tetris.app */ = {isa = PBXFileReference; explicitFileType = wrapper.application; includeInIndex = 0; path = super_tetris.app; sourceTree = BUILT_PRODUCTS_DIR; };
		DB79A5FB2608C82D000F917B /* super_tetris-Info.plist */ = {isa = PBXFileReference; lastKnownFileType = text.plist.xml; name = "super_tetris-Info.plist"; path = "../super_tetris-Info.plist"; sourceTree = "<group>"; };
		DB79A5FC2608C82D000F917B /* ResourcePath.mm */ = {isa = PBXFileReference; lastKnownFileType = sourcecode.cpp.objcpp; path = ResourcePath.mm; sourceTree = "<group>"; };
		DB79A5FE2608C82D000F917B /* ResourcePath.hpp */ = {isa = PBXFileReference; lastKnownFileType = sourcecode.cpp.h; path = ResourcePath.hpp; sourceTree = "<group>"; };
		DB79A5FF2608C82D000F917B /* main.cpp */ = {isa = PBXFileReference; lastKnownFileType = sourcecode.cpp.cpp; path = main.cpp; sourceTree = "<group>"; };
		DB79A6102608C96E000F917B /* super_tetris.entitlements */ = {isa = PBXFileReference; lastKnownFileType = text.plist.entitlements; path = super_tetris.entitlements; sourceTree = "<group>"; };
		DBAAE613260D1E5100794073 /* Field.cpp */ = {isa = PBXFileReference; lastKnownFileType = sourcecode.cpp.cpp; path = Field.cpp; sourceTree = "<group>"; };
		DBAAE614260D1E5100794073 /* Field.hpp */ = {isa = PBXFileReference; lastKnownFileType = sourcecode.cpp.h; path = Field.hpp; sourceTree = "<group>"; };
		DBB546F62629CDCF0080DBA6 /* n_impact2.wav */ = {isa = PBXFileReference; lastKnownFileType = audio.wav; name = n_impact2.wav; path = ../../../../../../Downloads/n_impact2.wav; sourceTree = "<group>"; };
		DBB546F72629CDCF0080DBA6 /* n_rotate.wav */ = {isa = PBXFileReference; lastKnownFileType = audio.wav; path = n_rotate.wav; sourceTree = "<group>"; };
		DBB546FB2629D2100080DBA6 /* b_rose.png */ = {isa = PBXFileReference; lastKnownFileType = image.png; path = b_rose.png; sourceTree = "<group>"; };
		DBB54709262A30450080DBA6 /* s_menu.ogg */ = {isa = PBXFileReference; lastKnownFileType = file; name = s_menu.ogg; path = ../../../../../../Downloads/s_menu.ogg; sourceTree = "<group>"; };
		DBB5470A262A30450080DBA6 /* s_playing.ogg */ = {isa = PBXFileReference; lastKnownFileType = file; name = s_playing.ogg; path = ../../../../../../Downloads/s_playing.ogg; sourceTree = "<group>"; };
		DBD2BC012627733B0013427C /* Menu.cpp */ = {isa = PBXFileReference; lastKnownFileType = sourcecode.cpp.cpp; path = Menu.cpp; sourceTree = "<group>"; };
		DBD2BC022627733B0013427C /* Menu.hpp */ = {isa = PBXFileReference; lastKnownFileType = sourcecode.cpp.h; path = Menu.hpp; sourceTree = "<group>"; };
		DBD2BC052628639D0013427C /* n_enter.wav */ = {isa = PBXFileReference; lastKnownFileType = audio.wav; path = n_enter.wav; sourceTree = "<group>"; };
		DBD2BC062628639D0013427C /* n_start.wav */ = {isa = PBXFileReference; lastKnownFileType = audio.wav; path = n_start.wav; sourceTree = "<group>"; };
		DBD2BC072628639D0013427C /* n_switch.wav */ = {isa = PBXFileReference; lastKnownFileType = audio.wav; path = n_switch.wav; sourceTree = "<group>"; };
		DBD2BC0D262880DB0013427C /* n_explode1.wav */ = {isa = PBXFileReference; lastKnownFileType = audio.wav; path = n_explode1.wav; sourceTree = "<group>"; };
		DBD2BC0E262880DB0013427C /* n_explode2.wav */ = {isa = PBXFileReference; lastKnownFileType = audio.wav; path = n_explode2.wav; sourceTree = "<group>"; };
		DBD2BC1C262886850013427C /* n_impact1.wav */ = {isa = PBXFileReference; lastKnownFileType = audio.wav; path = n_impact1.wav; sourceTree = "<group>"; };
		DBDD32E32620EFE000F2FD61 /* Messages.cpp */ = {isa = PBXFileReference; lastKnownFileType = sourcecode.cpp.cpp; path = Messages.cpp; sourceTree = "<group>"; };
		DBDD32E42620EFE000F2FD61 /* Messages.hpp */ = {isa = PBXFileReference; lastKnownFileType = sourcecode.cpp.h; path = Messages.hpp; sourceTree = "<group>"; };
/* End PBXFileReference section */

/* Begin PBXFrameworksBuildPhase section */
		DB79A5F32608C82D000F917B /* Frameworks */ = {
			isa = PBXFrameworksBuildPhase;
			buildActionMask = 2147483647;
			files = (
			);
			runOnlyForDeploymentPostprocessing = 0;
		};
/* End PBXFrameworksBuildPhase section */

/* Begin PBXGroup section */
		DB79A5ED2608C82D000F917B = {
			isa = PBXGroup;
			children = (
				DB79A5F92608C82D000F917B /* super_tetris */,
				DB79A5F82608C82D000F917B /* Products */,
			);
			sourceTree = "<group>";
		};
		DB79A5F82608C82D000F917B /* Products */ = {
			isa = PBXGroup;
			children = (
				DB79A5F72608C82D000F917B /* super_tetris.app */,
			);
			name = Products;
			sourceTree = "<group>";
		};
		DB79A5F92608C82D000F917B /* super_tetris */ = {
			isa = PBXGroup;
			children = (
				DB79A6102608C96E000F917B /* super_tetris.entitlements */,
				DB79A5FC2608C82D000F917B /* ResourcePath.mm */,
				DB79A5FE2608C82D000F917B /* ResourcePath.hpp */,
				DBDD32E32620EFE000F2FD61 /* Messages.cpp */,
				DBDD32E42620EFE000F2FD61 /* Messages.hpp */,
				DB79A5FF2608C82D000F917B /* main.cpp */,
				DBD2BC012627733B0013427C /* Menu.cpp */,
				DBD2BC022627733B0013427C /* Menu.hpp */,
				DB0526C6260A141200280855 /* Pieces.cpp */,
				DB0526C7260A141200280855 /* Pieces.hpp */,
				DBAAE613260D1E5100794073 /* Field.cpp */,
				DBAAE614260D1E5100794073 /* Field.hpp */,
				DB0526C12609DC5F00280855 /* Background.cpp */,
				DB0526C22609DC5F00280855 /* Background.hpp */,
				DB79A6012608C82D000F917B /* Resources */,
				DB79A5FA2608C82D000F917B /* Supporting Files */,
			);
			path = super_tetris;
			sourceTree = "<group>";
		};
		DB79A5FA2608C82D000F917B /* Supporting Files */ = {
			isa = PBXGroup;
			children = (
				DB79A5FB2608C82D000F917B /* super_tetris-Info.plist */,
			);
			path = "Supporting Files";
			sourceTree = "<group>";
		};
		DB79A6012608C82D000F917B /* Resources */ = {
			isa = PBXGroup;
			children = (
				DB54AA362624DAB200F0F047 /* b_background.png */,
				DB54AA342624DAB200F0F047 /* b_next.png */,
				DB54AA332624DAB200F0F047 /* b_playing_area.png */,
				DBB546FB2629D2100080DBA6 /* b_rose.png */,
				DB54AA352624DAB200F0F047 /* b_score.png */,
				DBB54709262A30450080DBA6 /* s_menu.ogg */,
				DBB5470A262A30450080DBA6 /* s_playing.ogg */,
				DBD2BC052628639D0013427C /* n_enter.wav */,
				DBD2BC062628639D0013427C /* n_start.wav */,
				DBD2BC072628639D0013427C /* n_switch.wav */,
				DBD2BC0D262880DB0013427C /* n_explode1.wav */,
				DBD2BC0E262880DB0013427C /* n_explode2.wav */,
				DBD2BC1C262886850013427C /* n_impact1.wav */,
				DBB546F62629CDCF0080DBA6 /* n_impact2.wav */,
				DBB546F72629CDCF0080DBA6 /* n_rotate.wav */,
				DB1D7595261CEAD5002504AA /* p_tetris_blocks_1.png */,
				DB1D7594261CEAD5002504AA /* p_tetris_blocks_2.png */,
				DB73455F261B16EB006E9F1D /* Excludedi.ttf */,
			);
			path = Resources;
			sourceTree = "<group>";
		};
/* End PBXGroup section */

/* Begin PBXNativeTarget section */
		DB79A5F62608C82D000F917B /* super_tetris */ = {
			isa = PBXNativeTarget;
			buildConfigurationList = DB79A60C2608C82D000F917B /* Build configuration list for PBXNativeTarget "super_tetris" */;
			buildPhases = (
				DB79A5F22608C82D000F917B /* Sources */,
				DB79A5F32608C82D000F917B /* Frameworks */,
				DB79A5F42608C82D000F917B /* Resources */,
				DB79A5F52608C82D000F917B /* ShellScript */,
			);
			buildRules = (
			);
			dependencies = (
			);
			name = super_tetris;
			productName = super_tetris;
			productReference = DB79A5F72608C82D000F917B /* super_tetris.app */;
			productType = "com.apple.product-type.application";
		};
/* End PBXNativeTarget section */

/* Begin PBXProject section */
		DB79A5EE2608C82D000F917B /* Project object */ = {
			isa = PBXProject;
			attributes = {
				LastUpgradeCheck = 1240;
				ORGANIZATIONNAME = "Marc-Antoine Lacroix";
				TargetAttributes = {
					DB79A5F62608C82D000F917B = {
						CreatedOnToolsVersion = 12.4;
					};
				};
			};
			buildConfigurationList = DB79A5F12608C82D000F917B /* Build configuration list for PBXProject "super_tetris" */;
			compatibilityVersion = "Xcode 9.3";
			developmentRegion = en;
			hasScannedForEncodings = 0;
			knownRegions = (
				en,
				Base,
			);
			mainGroup = DB79A5ED2608C82D000F917B;
			productRefGroup = DB79A5F82608C82D000F917B /* Products */;
			projectDirPath = "";
			projectRoot = "";
			targets = (
				DB79A5F62608C82D000F917B /* super_tetris */,
			);
		};
/* End PBXProject section */

/* Begin PBXResourcesBuildPhase section */
		DB79A5F42608C82D000F917B /* Resources */ = {
			isa = PBXResourcesBuildPhase;
			buildActionMask = 2147483647;
			files = (
				DB734561261B1B7A006E9F1D /* Excludedi.ttf in Resources */,
				DBD2BC0A2628639D0013427C /* n_switch.wav in Resources */,
				DB54AA382624DAB200F0F047 /* b_next.png in Resources */,
				DBD2BC082628639D0013427C /* n_enter.wav in Resources */,
				DBB5470B262A30450080DBA6 /* s_menu.ogg in Resources */,
				DBB5470C262A30450080DBA6 /* s_playing.ogg in Resources */,
				DBB546F82629CDCF0080DBA6 /* n_impact2.wav in Resources */,
				DB54AA3A2624DAB200F0F047 /* b_background.png in Resources */,
				DBB546F92629CDCF0080DBA6 /* n_rotate.wav in Resources */,
				DBB546FC2629D2100080DBA6 /* b_rose.png in Resources */,
				DBD2BC1E262886850013427C /* n_impact1.wav in Resources */,
				DB1D7597261CEAD5002504AA /* p_tetris_blocks_1.png in Resources */,
				DB1D7596261CEAD5002504AA /* p_tetris_blocks_2.png in Resources */,
				DB54AA392624DAB200F0F047 /* b_score.png in Resources */,
				DB54AA372624DAB200F0F047 /* b_playing_area.png in Resources */,
				DBD2BC0F262880DB0013427C /* n_explode1.wav in Resources */,
				DBD2BC092628639D0013427C /* n_start.wav in Resources */,
				DBD2BC10262880DB0013427C /* n_explode2.wav in Resources */,
			);
			runOnlyForDeploymentPostprocessing = 0;
		};
/* End PBXResourcesBuildPhase section */

/* Begin PBXShellScriptBuildPhase section */
		DB79A5F52608C82D000F917B /* ShellScript */ = {
			isa = PBXShellScriptBuildPhase;
			buildActionMask = 8;
			files = (
			);
			inputFileListPaths = (
			);
			inputPaths = (
			);
			outputFileListPaths = (
			);
			outputPaths = (
			);
			runOnlyForDeploymentPostprocessing = 1;
			shellPath = /bin/sh;
			shellScript = "# This shell script simply copies required SFML dylibs/frameworks into the application bundle frameworks folder.\n# If you're using static libraries (which is not recommended) you should remove this script from your project.\n\n# SETTINGS\nSFML_DEPENDENCIES_INSTALL_PREFIX=\"/Users/SFML/Desktop/packaging/tmp/install/Library/Frameworks\"\nCMAKE_INSTALL_FRAMEWORK_PREFIX=\"/Users/SFML/Desktop/packaging/tmp/install/Library/Frameworks\"\nCMAKE_INSTALL_LIB_PREFIX=\"/Users/SFML/Desktop/packaging/tmp/install/Library/Frameworks/lib\"\nFRAMEWORKS_FULL_PATH=\"$BUILT_PRODUCTS_DIR/$FRAMEWORKS_FOLDER_PATH/\"\n\n# Are we building a project that uses frameworks or dylibs?\ncase \"$SFML_BINARY_TYPE\" in\n    DYLIBS)\n        frameworks=\"false\"\n        ;;\n    *)\n        frameworks=\"true\"\n        ;;\nesac\n\n# Echoes to stderr\nerror () # $* message to display\n{\n    echo $* 1>&2\n    exit 2\n}\n\nassert () # $1 is a boolean, $2...N is an error message\n{\n    if [ $# -lt 2 ]\n    then\n        error \"Internal error in assert: not enough args\"\n    fi\n\n    if [ $1 -ne 0 ]\n    then\n        shift\n        error \"$*\"\n    fi\n}\n\nforce_remove () # $@ is some paths\n{\n    test $# -ge 1\n    assert $? \"force_remove() requires at least one parameter\"\n    rm -fr $@\n    assert $? \"couldn't remove $@\"\n}\n\ncopy () # $1 is a source, $2 is a destination\n{\n    test $# -eq 2\n    assert $? \"copy() requires two parameters\"\n    ditto \"$1\" \"$2\"\n    assert $? \"couldn't copy $1 to $2\"\n}\n\nrequire () # $1 is a SFML module like 'system' or 'audio'\n{\n    dest=\"$BUILT_PRODUCTS_DIR/$FRAMEWORKS_FOLDER_PATH/\"\n\n    if [ -z \"$1\" ]\n    then\n        error \"require() requires one parameter!\"\n    else\n        # clean potentially old stuff\n        force_remove \"$dest/libsfml-$1\"*\n        force_remove \"$dest/sfml-$1.framework\"\n\n        # copy SFML libraries\n        if [ \"$frameworks\" = \"true\" ]\n        then\n            source=\"$CMAKE_INSTALL_FRAMEWORK_PREFIX/sfml-$1.framework\"\n            target=\"sfml-$1.framework\"\n        elif [ \"$SFML_LINK_DYLIBS_SUFFIX\" = \"-d\" ]\n        then\n            source=\"$CMAKE_INSTALL_LIB_PREFIX/libsfml-$1-d.dylib\"\n            target=\"`readlink $source`\"\n        else\n            source=\"$CMAKE_INSTALL_LIB_PREFIX/libsfml-$1.dylib\"\n            target=\"`readlink $source`\"\n        fi\n\n        copy \"$source\" \"$dest/$target\"\n\n        # copy extra dependencies\n        if [ \"$1\" = \"audio\" ]\n        then\n            # copy \"FLAC\" \"ogg\" \"vorbis\" \"vorbisenc\" \"vorbisfile\" \"OpenAL\" frameworks too\n            for f in \"FLAC\" \"ogg\" \"vorbis\" \"vorbisenc\" \"vorbisfile\" \"OpenAL\"\n            do\n                copy \"$SFML_DEPENDENCIES_INSTALL_PREFIX/$f.framework\" \"$dest/$f.framework\"\n            done\n        elif [ \"$1\" = \"graphics\" ]\n        then\n            copy \"$SFML_DEPENDENCIES_INSTALL_PREFIX/freetype.framework\" \"$dest/freetype.framework\"\n        fi\n    fi\n}\n\nif [ -n \"$SFML_SYSTEM\" ]\nthen\n    require \"system\"\nfi\n\nif [ -n \"$SFML_AUDIO\" ]\nthen\n    require \"audio\"\nfi\n\nif [ -n \"$SFML_NETWORK\" ]\nthen\n    require \"network\"\nfi\n\nif [ -n \"$SFML_WINDOW\" ]\nthen\n    require \"window\"\nfi\n\nif [ -n \"$SFML_GRAPHICS\" ]\nthen\n    require \"graphics\"\nfi\n\n                \n";
		};
/* End PBXShellScriptBuildPhase section */

/* Begin PBXSourcesBuildPhase section */
		DB79A5F22608C82D000F917B /* Sources */ = {
			isa = PBXSourcesBuildPhase;
			buildActionMask = 2147483647;
			files = (
				DB0526C8260A141200280855 /* Pieces.cpp in Sources */,
				DBDD32E52620EFE000F2FD61 /* Messages.cpp in Sources */,
				DBAAE615260D1E5100794073 /* Field.cpp in Sources */,
				DB0526C32609DC5F00280855 /* Background.cpp in Sources */,
				DBD2BC032627733B0013427C /* Menu.cpp in Sources */,
				DB79A6002608C82D000F917B /* main.cpp in Sources */,
				DB79A5FD2608C82D000F917B /* ResourcePath.mm in Sources */,
			);
			runOnlyForDeploymentPostprocessing = 0;
		};
/* End PBXSourcesBuildPhase section */

/* Begin XCBuildConfiguration section */
		DB79A60A2608C82D000F917B /* Debug */ = {
			isa = XCBuildConfiguration;
			buildSettings = {
				ARCHS = "$(NATIVE_ARCH_ACTUAL)";
				CLANG_CXX_LANGUAGE_STANDARD = "c++11";
				CLANG_CXX_LIBRARY = "libc++";
				FRAMEWORK_SEARCH_PATHS = (
					/Library/Frameworks/,
					"$(inherited)",
				);
				GCC_VERSION = com.apple.compilers.llvm.clang.1_0;
				HEADER_SEARCH_PATHS = (
					/usr/local/include/,
					"$(inherited)",
				);
				LIBRARY_SEARCH_PATHS = (
					/usr/local/lib/,
					"$(inherited)",
				);
				MACOSX_DEPLOYMENT_TARGET = 10.7;
				OTHER_LDFLAGS = (
					"$(inherited)",
					"$(SFML_SYSTEM)",
					"$(SFML_WINDOW)",
					"$(SFML_GRAPHICS)",
					"$(SFML_AUDIO)",
					"$(SFML_NETWORK)",
				);
				SFML_AUDIO = "$(SFML_LINK_PREFIX) sfml-audio$(SFML_LINK_SUFFIX)";
				SFML_BINARY_TYPE = FRAMEWORKS;
				SFML_GRAPHICS = "$(SFML_LINK_PREFIX) sfml-graphics$(SFML_LINK_SUFFIX)";
				SFML_LINK_DYLIBS_PREFIX = "-l";
				SFML_LINK_DYLIBS_SUFFIX = "";
				SFML_LINK_FRAMEWORKS_PREFIX = "-framework";
				SFML_LINK_FRAMEWORKS_SUFFIX = "";
				SFML_LINK_PREFIX = "$(SFML_LINK_$(SFML_BINARY_TYPE)_PREFIX)";
				SFML_LINK_SUFFIX = "$(SFML_LINK_$(SFML_BINARY_TYPE)_SUFFIX)";
				SFML_NETWORK = "";
				SFML_SYSTEM = "$(SFML_LINK_PREFIX) sfml-system$(SFML_LINK_SUFFIX)";
				SFML_WINDOW = "$(SFML_LINK_PREFIX) sfml-window$(SFML_LINK_SUFFIX)";
				SUPPORTED_PLATFORMS = macosx;
			};
			name = Debug;
		};
		DB79A60B2608C82D000F917B /* Release */ = {
			isa = XCBuildConfiguration;
			buildSettings = {
				ARCHS = "$(NATIVE_ARCH_ACTUAL)";
				CLANG_CXX_LANGUAGE_STANDARD = "c++11";
				CLANG_CXX_LIBRARY = "libc++";
				FRAMEWORK_SEARCH_PATHS = (
					/Library/Frameworks/,
					"$(inherited)",
				);
				GCC_VERSION = com.apple.compilers.llvm.clang.1_0;
				HEADER_SEARCH_PATHS = (
					/usr/local/include/,
					"$(inherited)",
				);
				LIBRARY_SEARCH_PATHS = (
					/usr/local/lib/,
					"$(inherited)",
				);
				MACOSX_DEPLOYMENT_TARGET = 10.7;
				OTHER_LDFLAGS = (
					"$(inherited)",
					"$(SFML_SYSTEM)",
					"$(SFML_WINDOW)",
					"$(SFML_GRAPHICS)",
					"$(SFML_AUDIO)",
					"$(SFML_NETWORK)",
				);
				SFML_AUDIO = "$(SFML_LINK_PREFIX) sfml-audio$(SFML_LINK_SUFFIX)";
				SFML_BINARY_TYPE = FRAMEWORKS;
				SFML_GRAPHICS = "$(SFML_LINK_PREFIX) sfml-graphics$(SFML_LINK_SUFFIX)";
				SFML_LINK_DYLIBS_PREFIX = "-l";
				SFML_LINK_DYLIBS_SUFFIX = "";
				SFML_LINK_FRAMEWORKS_PREFIX = "-framework";
				SFML_LINK_FRAMEWORKS_SUFFIX = "";
				SFML_LINK_PREFIX = "$(SFML_LINK_$(SFML_BINARY_TYPE)_PREFIX)";
				SFML_LINK_SUFFIX = "$(SFML_LINK_$(SFML_BINARY_TYPE)_SUFFIX)";
				SFML_NETWORK = "";
				SFML_SYSTEM = "$(SFML_LINK_PREFIX) sfml-system$(SFML_LINK_SUFFIX)";
				SFML_WINDOW = "$(SFML_LINK_PREFIX) sfml-window$(SFML_LINK_SUFFIX)";
				SUPPORTED_PLATFORMS = macosx;
			};
			name = Release;
		};
		DB79A60D2608C82D000F917B /* Debug */ = {
			isa = XCBuildConfiguration;
			buildSettings = {
				CODE_SIGN_ENTITLEMENTS = super_tetris/super_tetris.entitlements;
				CODE_SIGN_STYLE = Automatic;
				DEVELOPMENT_TEAM = 482V93Y3BU;
				ENABLE_HARDENED_RUNTIME = YES;
				INFOPLIST_FILE = "super_tetris/super_tetris-Info.plist";
				LD_RUNPATH_SEARCH_PATHS = "@loader_path/../Frameworks";
				PRODUCT_NAME = "$(TARGET_NAME)";
			};
			name = Debug;
		};
		DB79A60E2608C82D000F917B /* Release */ = {
			isa = XCBuildConfiguration;
			buildSettings = {
				CODE_SIGN_ENTITLEMENTS = super_tetris/super_tetris.entitlements;
				CODE_SIGN_STYLE = Automatic;
				DEVELOPMENT_TEAM = 482V93Y3BU;
				ENABLE_HARDENED_RUNTIME = YES;
				INFOPLIST_FILE = "super_tetris/super_tetris-Info.plist";
				LD_RUNPATH_SEARCH_PATHS = "@loader_path/../Frameworks";
				PRODUCT_NAME = "$(TARGET_NAME)";
			};
			name = Release;
		};
/* End XCBuildConfiguration section */

/* Begin XCConfigurationList section */
		DB79A5F12608C82D000F917B /* Build configuration list for PBXProject "super_tetris" */ = {
			isa = XCConfigurationList;
			buildConfigurations = (
				DB79A60A2608C82D000F917B /* Debug */,
				DB79A60B2608C82D000F917B /* Release */,
			);
			defaultConfigurationIsVisible = 0;
			defaultConfigurationName = Release;
		};
		DB79A60C2608C82D000F917B /* Build configuration list for PBXNativeTarget "super_tetris" */ = {
			isa = XCConfigurationList;
			buildConfigurations = (
				DB79A60D2608C82D000F917B /* Debug */,
				DB79A60E2608C82D000F917B /* Release */,
			);
			defaultConfigurationIsVisible = 0;
			defaultConfigurationName = Release;
		};
/* End XCConfigurationList section */
	};
	rootObject = DB79A5EE2608C82D000F917B /* Project object */;
}
