// !$*UTF8*$!
{
	archiveVersion = 1;
	classes = {
	};
	objectVersion = 50;
	objects = {

/* Begin PBXBuildFile section */
		DB9FC9482607EF1E0092B6CC /* ResourcePath.mm in Sources */ = {isa = PBXBuildFile; fileRef = DB9FC9472607EF1E0092B6CC /* ResourcePath.mm */; };
		DB9FC94B2607EF1E0092B6CC /* main.cpp in Sources */ = {isa = PBXBuildFile; fileRef = DB9FC94A2607EF1E0092B6CC /* main.cpp */; };
		DB9FC9522607EF1E0092B6CC /* sansation.ttf in Resources */ = {isa = PBXBuildFile; fileRef = DB9FC9512607EF1E0092B6CC /* sansation.ttf */; };
		DB9FC95F2607EFCB0092B6CC /* game_logic.cpp in Sources */ = {isa = PBXBuildFile; fileRef = DB9FC95D2607EFCB0092B6CC /* game_logic.cpp */; };
		DB9FC9622607F13D0092B6CC /* board.png in Resources */ = {isa = PBXBuildFile; fileRef = DB9FC9612607F13D0092B6CC /* board.png */; };
/* End PBXBuildFile section */

/* Begin PBXFileReference section */
		DB9FC9422607EF1E0092B6CC /* tic_tac_toe.app */ = {isa = PBXFileReference; explicitFileType = wrapper.application; includeInIndex = 0; path = tic_tac_toe.app; sourceTree = BUILT_PRODUCTS_DIR; };
		DB9FC9462607EF1E0092B6CC /* tic_tac_toe-Info.plist */ = {isa = PBXFileReference; lastKnownFileType = text.plist.xml; name = "tic_tac_toe-Info.plist"; path = "../tic_tac_toe-Info.plist"; sourceTree = "<group>"; };
		DB9FC9472607EF1E0092B6CC /* ResourcePath.mm */ = {isa = PBXFileReference; lastKnownFileType = sourcecode.cpp.objcpp; path = ResourcePath.mm; sourceTree = "<group>"; };
		DB9FC9492607EF1E0092B6CC /* ResourcePath.hpp */ = {isa = PBXFileReference; lastKnownFileType = sourcecode.cpp.h; path = ResourcePath.hpp; sourceTree = "<group>"; };
		DB9FC94A2607EF1E0092B6CC /* main.cpp */ = {isa = PBXFileReference; lastKnownFileType = sourcecode.cpp.cpp; path = main.cpp; sourceTree = "<group>"; };
		DB9FC9512607EF1E0092B6CC /* sansation.ttf */ = {isa = PBXFileReference; lastKnownFileType = file; name = sansation.ttf; path = ../sansation.ttf; sourceTree = "<group>"; };
		DB9FC95B2607EF480092B6CC /* tic_tac_toe.entitlements */ = {isa = PBXFileReference; lastKnownFileType = text.plist.entitlements; path = tic_tac_toe.entitlements; sourceTree = "<group>"; };
		DB9FC95D2607EFCB0092B6CC /* game_logic.cpp */ = {isa = PBXFileReference; lastKnownFileType = sourcecode.cpp.cpp; path = game_logic.cpp; sourceTree = "<group>"; };
		DB9FC95E2607EFCB0092B6CC /* game_logic.hpp */ = {isa = PBXFileReference; lastKnownFileType = sourcecode.cpp.h; path = game_logic.hpp; sourceTree = "<group>"; };
		DB9FC9612607F13D0092B6CC /* board.png */ = {isa = PBXFileReference; lastKnownFileType = image.png; path = board.png; sourceTree = "<group>"; };
/* End PBXFileReference section */

/* Begin PBXFrameworksBuildPhase section */
		DB9FC93E2607EF1E0092B6CC /* Frameworks */ = {
			isa = PBXFrameworksBuildPhase;
			buildActionMask = 2147483647;
			files = (
			);
			runOnlyForDeploymentPostprocessing = 0;
		};
/* End PBXFrameworksBuildPhase section */

/* Begin PBXGroup section */
		DB9FC9382607EF1E0092B6CC = {
			isa = PBXGroup;
			children = (
				DB9FC9442607EF1E0092B6CC /* tic_tac_toe */,
				DB9FC9432607EF1E0092B6CC /* Products */,
			);
			sourceTree = "<group>";
		};
		DB9FC9432607EF1E0092B6CC /* Products */ = {
			isa = PBXGroup;
			children = (
				DB9FC9422607EF1E0092B6CC /* tic_tac_toe.app */,
			);
			name = Products;
			sourceTree = "<group>";
		};
		DB9FC9442607EF1E0092B6CC /* tic_tac_toe */ = {
			isa = PBXGroup;
			children = (
				DB9FC95B2607EF480092B6CC /* tic_tac_toe.entitlements */,
				DB9FC9472607EF1E0092B6CC /* ResourcePath.mm */,
				DB9FC9492607EF1E0092B6CC /* ResourcePath.hpp */,
				DB9FC94A2607EF1E0092B6CC /* main.cpp */,
				DB9FC95D2607EFCB0092B6CC /* game_logic.cpp */,
				DB9FC95E2607EFCB0092B6CC /* game_logic.hpp */,
				DB9FC94C2607EF1E0092B6CC /* Resources */,
				DB9FC9452607EF1E0092B6CC /* Supporting Files */,
			);
			path = tic_tac_toe;
			sourceTree = "<group>";
		};
		DB9FC9452607EF1E0092B6CC /* Supporting Files */ = {
			isa = PBXGroup;
			children = (
				DB9FC9462607EF1E0092B6CC /* tic_tac_toe-Info.plist */,
			);
			path = "Supporting Files";
			sourceTree = "<group>";
		};
		DB9FC94C2607EF1E0092B6CC /* Resources */ = {
			isa = PBXGroup;
			children = (
				DB9FC9612607F13D0092B6CC /* board.png */,
				DB9FC9512607EF1E0092B6CC /* sansation.ttf */,
			);
			path = Resources;
			sourceTree = "<group>";
		};
/* End PBXGroup section */

/* Begin PBXNativeTarget section */
		DB9FC9412607EF1E0092B6CC /* tic_tac_toe */ = {
			isa = PBXNativeTarget;
			buildConfigurationList = DB9FC9572607EF1E0092B6CC /* Build configuration list for PBXNativeTarget "tic_tac_toe" */;
			buildPhases = (
				DB9FC93D2607EF1E0092B6CC /* Sources */,
				DB9FC93E2607EF1E0092B6CC /* Frameworks */,
				DB9FC93F2607EF1E0092B6CC /* Resources */,
				DB9FC9402607EF1E0092B6CC /* ShellScript */,
			);
			buildRules = (
			);
			dependencies = (
			);
			name = tic_tac_toe;
			productName = tic_tac_toe;
			productReference = DB9FC9422607EF1E0092B6CC /* tic_tac_toe.app */;
			productType = "com.apple.product-type.application";
		};
/* End PBXNativeTarget section */

/* Begin PBXProject section */
		DB9FC9392607EF1E0092B6CC /* Project object */ = {
			isa = PBXProject;
			attributes = {
				LastUpgradeCheck = 1240;
				ORGANIZATIONNAME = "Marc-Antoine Lacroix";
				TargetAttributes = {
					DB9FC9412607EF1E0092B6CC = {
						CreatedOnToolsVersion = 12.4;
					};
				};
			};
			buildConfigurationList = DB9FC93C2607EF1E0092B6CC /* Build configuration list for PBXProject "tic_tac_toe" */;
			compatibilityVersion = "Xcode 9.3";
			developmentRegion = en;
			hasScannedForEncodings = 0;
			knownRegions = (
				en,
				Base,
			);
			mainGroup = DB9FC9382607EF1E0092B6CC;
			productRefGroup = DB9FC9432607EF1E0092B6CC /* Products */;
			projectDirPath = "";
			projectRoot = "";
			targets = (
				DB9FC9412607EF1E0092B6CC /* tic_tac_toe */,
			);
		};
/* End PBXProject section */

/* Begin PBXResourcesBuildPhase section */
		DB9FC93F2607EF1E0092B6CC /* Resources */ = {
			isa = PBXResourcesBuildPhase;
			buildActionMask = 2147483647;
			files = (
				DB9FC9522607EF1E0092B6CC /* sansation.ttf in Resources */,
				DB9FC9622607F13D0092B6CC /* board.png in Resources */,
			);
			runOnlyForDeploymentPostprocessing = 0;
		};
/* End PBXResourcesBuildPhase section */

/* Begin PBXShellScriptBuildPhase section */
		DB9FC9402607EF1E0092B6CC /* ShellScript */ = {
			isa = PBXShellScriptBuildPhase;
			buildActionMask = 8;
			files = (
			);
			inputFileListPaths = (
			);
			inputPaths = (
			);
			outputFileListPaths = (
			);
			outputPaths = (
			);
			runOnlyForDeploymentPostprocessing = 1;
			shellPath = /bin/sh;
			shellScript = "# This shell script simply copies required SFML dylibs/frameworks into the application bundle frameworks folder.\n# If you're using static libraries (which is not recommended) you should remove this script from your project.\n\n# SETTINGS\nSFML_DEPENDENCIES_INSTALL_PREFIX=\"/Users/SFML/Desktop/packaging/tmp/install/Library/Frameworks\"\nCMAKE_INSTALL_FRAMEWORK_PREFIX=\"/Users/SFML/Desktop/packaging/tmp/install/Library/Frameworks\"\nCMAKE_INSTALL_LIB_PREFIX=\"/Users/SFML/Desktop/packaging/tmp/install/Library/Frameworks/lib\"\nFRAMEWORKS_FULL_PATH=\"$BUILT_PRODUCTS_DIR/$FRAMEWORKS_FOLDER_PATH/\"\n\n# Are we building a project that uses frameworks or dylibs?\ncase \"$SFML_BINARY_TYPE\" in\n    DYLIBS)\n        frameworks=\"false\"\n        ;;\n    *)\n        frameworks=\"true\"\n        ;;\nesac\n\n# Echoes to stderr\nerror () # $* message to display\n{\n    echo $* 1>&2\n    exit 2\n}\n\nassert () # $1 is a boolean, $2...N is an error message\n{\n    if [ $# -lt 2 ]\n    then\n        error \"Internal error in assert: not enough args\"\n    fi\n\n    if [ $1 -ne 0 ]\n    then\n        shift\n        error \"$*\"\n    fi\n}\n\nforce_remove () # $@ is some paths\n{\n    test $# -ge 1\n    assert $? \"force_remove() requires at least one parameter\"\n    rm -fr $@\n    assert $? \"couldn't remove $@\"\n}\n\ncopy () # $1 is a source, $2 is a destination\n{\n    test $# -eq 2\n    assert $? \"copy() requires two parameters\"\n    ditto \"$1\" \"$2\"\n    assert $? \"couldn't copy $1 to $2\"\n}\n\nrequire () # $1 is a SFML module like 'system' or 'audio'\n{\n    dest=\"$BUILT_PRODUCTS_DIR/$FRAMEWORKS_FOLDER_PATH/\"\n\n    if [ -z \"$1\" ]\n    then\n        error \"require() requires one parameter!\"\n    else\n        # clean potentially old stuff\n        force_remove \"$dest/libsfml-$1\"*\n        force_remove \"$dest/sfml-$1.framework\"\n\n        # copy SFML libraries\n        if [ \"$frameworks\" = \"true\" ]\n        then\n            source=\"$CMAKE_INSTALL_FRAMEWORK_PREFIX/sfml-$1.framework\"\n            target=\"sfml-$1.framework\"\n        elif [ \"$SFML_LINK_DYLIBS_SUFFIX\" = \"-d\" ]\n        then\n            source=\"$CMAKE_INSTALL_LIB_PREFIX/libsfml-$1-d.dylib\"\n            target=\"`readlink $source`\"\n        else\n            source=\"$CMAKE_INSTALL_LIB_PREFIX/libsfml-$1.dylib\"\n            target=\"`readlink $source`\"\n        fi\n\n        copy \"$source\" \"$dest/$target\"\n\n        # copy extra dependencies\n        if [ \"$1\" = \"audio\" ]\n        then\n            # copy \"FLAC\" \"ogg\" \"vorbis\" \"vorbisenc\" \"vorbisfile\" \"OpenAL\" frameworks too\n            for f in \"FLAC\" \"ogg\" \"vorbis\" \"vorbisenc\" \"vorbisfile\" \"OpenAL\"\n            do\n                copy \"$SFML_DEPENDENCIES_INSTALL_PREFIX/$f.framework\" \"$dest/$f.framework\"\n            done\n        elif [ \"$1\" = \"graphics\" ]\n        then\n            copy \"$SFML_DEPENDENCIES_INSTALL_PREFIX/freetype.framework\" \"$dest/freetype.framework\"\n        fi\n    fi\n}\n\nif [ -n \"$SFML_SYSTEM\" ]\nthen\n    require \"system\"\nfi\n\nif [ -n \"$SFML_AUDIO\" ]\nthen\n    require \"audio\"\nfi\n\nif [ -n \"$SFML_NETWORK\" ]\nthen\n    require \"network\"\nfi\n\nif [ -n \"$SFML_WINDOW\" ]\nthen\n    require \"window\"\nfi\n\nif [ -n \"$SFML_GRAPHICS\" ]\nthen\n    require \"graphics\"\nfi\n\n                \n";
		};
/* End PBXShellScriptBuildPhase section */

/* Begin PBXSourcesBuildPhase section */
		DB9FC93D2607EF1E0092B6CC /* Sources */ = {
			isa = PBXSourcesBuildPhase;
			buildActionMask = 2147483647;
			files = (
				DB9FC94B2607EF1E0092B6CC /* main.cpp in Sources */,
				DB9FC95F2607EFCB0092B6CC /* game_logic.cpp in Sources */,
				DB9FC9482607EF1E0092B6CC /* ResourcePath.mm in Sources */,
			);
			runOnlyForDeploymentPostprocessing = 0;
		};
/* End PBXSourcesBuildPhase section */

/* Begin XCBuildConfiguration section */
		DB9FC9552607EF1E0092B6CC /* Debug */ = {
			isa = XCBuildConfiguration;
			buildSettings = {
				ARCHS = "$(NATIVE_ARCH_ACTUAL)";
				CLANG_CXX_LANGUAGE_STANDARD = "c++11";
				CLANG_CXX_LIBRARY = "libc++";
				FRAMEWORK_SEARCH_PATHS = (
					/Library/Frameworks/,
					"$(inherited)",
				);
				GCC_VERSION = com.apple.compilers.llvm.clang.1_0;
				HEADER_SEARCH_PATHS = (
					/usr/local/include/,
					"$(inherited)",
				);
				LIBRARY_SEARCH_PATHS = (
					/usr/local/lib/,
					"$(inherited)",
				);
				MACOSX_DEPLOYMENT_TARGET = 10.7;
				OTHER_LDFLAGS = (
					"$(inherited)",
					"$(SFML_SYSTEM)",
					"$(SFML_WINDOW)",
					"$(SFML_GRAPHICS)",
					"$(SFML_AUDIO)",
					"$(SFML_NETWORK)",
				);
				SFML_AUDIO = "$(SFML_LINK_PREFIX) sfml-audio$(SFML_LINK_SUFFIX)";
				SFML_BINARY_TYPE = FRAMEWORKS;
				SFML_GRAPHICS = "$(SFML_LINK_PREFIX) sfml-graphics$(SFML_LINK_SUFFIX)";
				SFML_LINK_DYLIBS_PREFIX = "-l";
				SFML_LINK_DYLIBS_SUFFIX = "";
				SFML_LINK_FRAMEWORKS_PREFIX = "-framework";
				SFML_LINK_FRAMEWORKS_SUFFIX = "";
				SFML_LINK_PREFIX = "$(SFML_LINK_$(SFML_BINARY_TYPE)_PREFIX)";
				SFML_LINK_SUFFIX = "$(SFML_LINK_$(SFML_BINARY_TYPE)_SUFFIX)";
				SFML_NETWORK = "";
				SFML_SYSTEM = "$(SFML_LINK_PREFIX) sfml-system$(SFML_LINK_SUFFIX)";
				SFML_WINDOW = "$(SFML_LINK_PREFIX) sfml-window$(SFML_LINK_SUFFIX)";
				SUPPORTED_PLATFORMS = macosx;
			};
			name = Debug;
		};
		DB9FC9562607EF1E0092B6CC /* Release */ = {
			isa = XCBuildConfiguration;
			buildSettings = {
				ARCHS = "$(NATIVE_ARCH_ACTUAL)";
				CLANG_CXX_LANGUAGE_STANDARD = "c++11";
				CLANG_CXX_LIBRARY = "libc++";
				FRAMEWORK_SEARCH_PATHS = (
					/Library/Frameworks/,
					"$(inherited)",
				);
				GCC_VERSION = com.apple.compilers.llvm.clang.1_0;
				HEADER_SEARCH_PATHS = (
					/usr/local/include/,
					"$(inherited)",
				);
				LIBRARY_SEARCH_PATHS = (
					/usr/local/lib/,
					"$(inherited)",
				);
				MACOSX_DEPLOYMENT_TARGET = 10.7;
				OTHER_LDFLAGS = (
					"$(inherited)",
					"$(SFML_SYSTEM)",
					"$(SFML_WINDOW)",
					"$(SFML_GRAPHICS)",
					"$(SFML_AUDIO)",
					"$(SFML_NETWORK)",
				);
				SFML_AUDIO = "$(SFML_LINK_PREFIX) sfml-audio$(SFML_LINK_SUFFIX)";
				SFML_BINARY_TYPE = FRAMEWORKS;
				SFML_GRAPHICS = "$(SFML_LINK_PREFIX) sfml-graphics$(SFML_LINK_SUFFIX)";
				SFML_LINK_DYLIBS_PREFIX = "-l";
				SFML_LINK_DYLIBS_SUFFIX = "";
				SFML_LINK_FRAMEWORKS_PREFIX = "-framework";
				SFML_LINK_FRAMEWORKS_SUFFIX = "";
				SFML_LINK_PREFIX = "$(SFML_LINK_$(SFML_BINARY_TYPE)_PREFIX)";
				SFML_LINK_SUFFIX = "$(SFML_LINK_$(SFML_BINARY_TYPE)_SUFFIX)";
				SFML_NETWORK = "";
				SFML_SYSTEM = "$(SFML_LINK_PREFIX) sfml-system$(SFML_LINK_SUFFIX)";
				SFML_WINDOW = "$(SFML_LINK_PREFIX) sfml-window$(SFML_LINK_SUFFIX)";
				SUPPORTED_PLATFORMS = macosx;
			};
			name = Release;
		};
		DB9FC9582607EF1E0092B6CC /* Debug */ = {
			isa = XCBuildConfiguration;
			buildSettings = {
				CODE_SIGN_ENTITLEMENTS = tic_tac_toe/tic_tac_toe.entitlements;
				CODE_SIGN_STYLE = Automatic;
				DEVELOPMENT_TEAM = 482V93Y3BU;
				ENABLE_HARDENED_RUNTIME = YES;
				INFOPLIST_FILE = "tic_tac_toe/tic_tac_toe-Info.plist";
				LD_RUNPATH_SEARCH_PATHS = "@loader_path/../Frameworks";
				PRODUCT_NAME = "$(TARGET_NAME)";
			};
			name = Debug;
		};
		DB9FC9592607EF1E0092B6CC /* Release */ = {
			isa = XCBuildConfiguration;
			buildSettings = {
				CODE_SIGN_ENTITLEMENTS = tic_tac_toe/tic_tac_toe.entitlements;
				CODE_SIGN_STYLE = Automatic;
				DEVELOPMENT_TEAM = 482V93Y3BU;
				ENABLE_HARDENED_RUNTIME = YES;
				INFOPLIST_FILE = "tic_tac_toe/tic_tac_toe-Info.plist";
				LD_RUNPATH_SEARCH_PATHS = "@loader_path/../Frameworks";
				PRODUCT_NAME = "$(TARGET_NAME)";
			};
			name = Release;
		};
/* End XCBuildConfiguration section */

/* Begin XCConfigurationList section */
		DB9FC93C2607EF1E0092B6CC /* Build configuration list for PBXProject "tic_tac_toe" */ = {
			isa = XCConfigurationList;
			buildConfigurations = (
				DB9FC9552607EF1E0092B6CC /* Debug */,
				DB9FC9562607EF1E0092B6CC /* Release */,
			);
			defaultConfigurationIsVisible = 0;
			defaultConfigurationName = Release;
		};
		DB9FC9572607EF1E0092B6CC /* Build configuration list for PBXNativeTarget "tic_tac_toe" */ = {
			isa = XCConfigurationList;
			buildConfigurations = (
				DB9FC9582607EF1E0092B6CC /* Debug */,
				DB9FC9592607EF1E0092B6CC /* Release */,
			);
			defaultConfigurationIsVisible = 0;
			defaultConfigurationName = Release;
		};
/* End XCConfigurationList section */
	};
	rootObject = DB9FC9392607EF1E0092B6CC /* Project object */;
}
